# This file is automatically @generated by Cargo.
# It is not intended for manual editing.
version = 4

[[package]]
name = "greeter_bin"
version = "0.1.0"
dependencies = [
 "greeter_lib",
 "logging_lib",
]

[[package]]
name = "greeter_lib"
version = "0.1.0"
dependencies = [
 "logging_lib",
]

[[package]]
name = "logging_lib"
version = "0.1.0"
